// !$*UTF8*$!
{
	archiveVersion = 1;
	classes = {
	};
	objectVersion = 56;
	objects = {

/* Begin PBXBuildFile section */
		25827E132CA11C2200BAC798 /* Assets.xcassets in Resources */ = {isa = PBXBuildFile; fileRef = 25827E122CA11C2200BAC798 /* Assets.xcassets */; };
		25827E152CA3DBC100BAC798 /* TransitStop.swift in Sources */ = {isa = PBXBuildFile; fileRef = 25827E142CA3DBB800BAC798 /* TransitStop.swift */; };
		25BC20202C9411AE003EFDA8 /* HslStopBrowserApp.swift in Sources */ = {isa = PBXBuildFile; fileRef = 25BC201F2C9411AE003EFDA8 /* HslStopBrowserApp.swift */; };
		25BC20222C9411AE003EFDA8 /* ContentView.swift in Sources */ = {isa = PBXBuildFile; fileRef = 25BC20212C9411AE003EFDA8 /* ContentView.swift */; };
		25BC20272C9411AF003EFDA8 /* Preview Assets.xcassets in Resources */ = {isa = PBXBuildFile; fileRef = 25BC20262C9411AF003EFDA8 /* Preview Assets.xcassets */; };
		25BC202F2C9411DB003EFDA8 /* MapboxMaps in Frameworks */ = {isa = PBXBuildFile; productRef = 25BC202E2C9411DB003EFDA8 /* MapboxMaps */; };
		25BC20342C9699D5003EFDA8 /* DigitransitAPI.swift in Sources */ = {isa = PBXBuildFile; fileRef = 25BC20332C9699D5003EFDA8 /* DigitransitAPI.swift */; };
		25BC20362C96A3FC003EFDA8 /* DeparturesViewModel.swift in Sources */ = {isa = PBXBuildFile; fileRef = 25BC20352C96A3FC003EFDA8 /* DeparturesViewModel.swift */; };
		25BC20382C96D138003EFDA8 /* DeparturesSheet.swift in Sources */ = {isa = PBXBuildFile; fileRef = 25BC20372C96D138003EFDA8 /* DeparturesSheet.swift */; };
		25BC203C2C99819B003EFDA8 /* LocationFollowButton.swift in Sources */ = {isa = PBXBuildFile; fileRef = 25BC203B2C99819B003EFDA8 /* LocationFollowButton.swift */; };
/* End PBXBuildFile section */

/* Begin PBXFileReference section */
		25827E122CA11C2200BAC798 /* Assets.xcassets */ = {isa = PBXFileReference; lastKnownFileType = folder.assetcatalog; name = Assets.xcassets; path = HslStopBrowser/Assets.xcassets; sourceTree = "<group>"; };
		25827E142CA3DBB800BAC798 /* TransitStop.swift */ = {isa = PBXFileReference; lastKnownFileType = sourcecode.swift; path = TransitStop.swift; sourceTree = "<group>"; };
		25BC201C2C9411AE003EFDA8 /* HslStopBrowser.app */ = {isa = PBXFileReference; explicitFileType = wrapper.application; includeInIndex = 0; path = HslStopBrowser.app; sourceTree = BUILT_PRODUCTS_DIR; };
		25BC201F2C9411AE003EFDA8 /* HslStopBrowserApp.swift */ = {isa = PBXFileReference; lastKnownFileType = sourcecode.swift; path = HslStopBrowserApp.swift; sourceTree = "<group>"; };
		25BC20212C9411AE003EFDA8 /* ContentView.swift */ = {isa = PBXFileReference; lastKnownFileType = sourcecode.swift; path = ContentView.swift; sourceTree = "<group>"; };
		25BC20262C9411AF003EFDA8 /* Preview Assets.xcassets */ = {isa = PBXFileReference; lastKnownFileType = folder.assetcatalog; path = "Preview Assets.xcassets"; sourceTree = "<group>"; };
		25BC20302C941247003EFDA8 /* Info.plist */ = {isa = PBXFileReference; lastKnownFileType = text.plist; path = Info.plist; sourceTree = "<group>"; };
		25BC20332C9699D5003EFDA8 /* DigitransitAPI.swift */ = {isa = PBXFileReference; lastKnownFileType = sourcecode.swift; path = DigitransitAPI.swift; sourceTree = "<group>"; };
		25BC20352C96A3FC003EFDA8 /* DeparturesViewModel.swift */ = {isa = PBXFileReference; lastKnownFileType = sourcecode.swift; path = DeparturesViewModel.swift; sourceTree = "<group>"; };
		25BC20372C96D138003EFDA8 /* DeparturesSheet.swift */ = {isa = PBXFileReference; lastKnownFileType = sourcecode.swift; path = DeparturesSheet.swift; sourceTree = "<group>"; };
		25BC203B2C99819B003EFDA8 /* LocationFollowButton.swift */ = {isa = PBXFileReference; lastKnownFileType = sourcecode.swift; path = LocationFollowButton.swift; sourceTree = "<group>"; };
/* End PBXFileReference section */

/* Begin PBXFrameworksBuildPhase section */
		25BC20192C9411AE003EFDA8 /* Frameworks */ = {
			isa = PBXFrameworksBuildPhase;
			buildActionMask = 2147483647;
			files = (
				25BC202F2C9411DB003EFDA8 /* MapboxMaps in Frameworks */,
			);
			runOnlyForDeploymentPostprocessing = 0;
		};
/* End PBXFrameworksBuildPhase section */

/* Begin PBXGroup section */
		25BC20132C9411AE003EFDA8 = {
			isa = PBXGroup;
			children = (
				25827E122CA11C2200BAC798 /* Assets.xcassets */,
				25BC201E2C9411AE003EFDA8 /* HslStopBrowser */,
				25BC201D2C9411AE003EFDA8 /* Products */,
			);
			sourceTree = "<group>";
		};
		25BC201D2C9411AE003EFDA8 /* Products */ = {
			isa = PBXGroup;
			children = (
				25BC201C2C9411AE003EFDA8 /* HslStopBrowser.app */,
			);
			name = Products;
			sourceTree = "<group>";
		};
		25BC201E2C9411AE003EFDA8 /* HslStopBrowser */ = {
			isa = PBXGroup;
			children = (
				25827E142CA3DBB800BAC798 /* TransitStop.swift */,
				25BC20302C941247003EFDA8 /* Info.plist */,
				25BC201F2C9411AE003EFDA8 /* HslStopBrowserApp.swift */,
				25BC20212C9411AE003EFDA8 /* ContentView.swift */,
				25BC20252C9411AF003EFDA8 /* Preview Content */,
				25BC20332C9699D5003EFDA8 /* DigitransitAPI.swift */,
				25BC20352C96A3FC003EFDA8 /* DeparturesViewModel.swift */,
				25BC20372C96D138003EFDA8 /* DeparturesSheet.swift */,
				25BC203B2C99819B003EFDA8 /* LocationFollowButton.swift */,
			);
			path = HslStopBrowser;
			sourceTree = "<group>";
		};
		25BC20252C9411AF003EFDA8 /* Preview Content */ = {
			isa = PBXGroup;
			children = (
				25BC20262C9411AF003EFDA8 /* Preview Assets.xcassets */,
			);
			path = "Preview Content";
			sourceTree = "<group>";
		};
/* End PBXGroup section */

/* Begin PBXNativeTarget section */
		25BC201B2C9411AE003EFDA8 /* HslStopBrowser */ = {
			isa = PBXNativeTarget;
			buildConfigurationList = 25BC202A2C9411AF003EFDA8 /* Build configuration list for PBXNativeTarget "HslStopBrowser" */;
			buildPhases = (
				25BC20182C9411AE003EFDA8 /* Sources */,
				25BC20192C9411AE003EFDA8 /* Frameworks */,
				25BC201A2C9411AE003EFDA8 /* Resources */,
			);
			buildRules = (
			);
			dependencies = (
			);
			name = HslStopBrowser;
			packageProductDependencies = (
				25BC202E2C9411DB003EFDA8 /* MapboxMaps */,
			);
			productName = HslStopBrowser;
			productReference = 25BC201C2C9411AE003EFDA8 /* HslStopBrowser.app */;
			productType = "com.apple.product-type.application";
		};
/* End PBXNativeTarget section */

/* Begin PBXProject section */
		25BC20142C9411AE003EFDA8 /* Project object */ = {
			isa = PBXProject;
			attributes = {
				BuildIndependentTargetsInParallel = 1;
				LastSwiftUpdateCheck = 1540;
				LastUpgradeCheck = 1540;
				TargetAttributes = {
					25BC201B2C9411AE003EFDA8 = {
						CreatedOnToolsVersion = 15.4;
					};
				};
			};
			buildConfigurationList = 25BC20172C9411AE003EFDA8 /* Build configuration list for PBXProject "HslStopBrowser" */;
			compatibilityVersion = "Xcode 14.0";
			developmentRegion = en;
			hasScannedForEncodings = 0;
			knownRegions = (
				en,
				Base,
			);
			mainGroup = 25BC20132C9411AE003EFDA8;
			packageReferences = (
				25BC202D2C9411DB003EFDA8 /* XCRemoteSwiftPackageReference "mapbox-maps-ios" */,
			);
			productRefGroup = 25BC201D2C9411AE003EFDA8 /* Products */;
			projectDirPath = "";
			projectRoot = "";
			targets = (
				25BC201B2C9411AE003EFDA8 /* HslStopBrowser */,
			);
		};
/* End PBXProject section */

/* Begin PBXResourcesBuildPhase section */
		25BC201A2C9411AE003EFDA8 /* Resources */ = {
			isa = PBXResourcesBuildPhase;
			buildActionMask = 2147483647;
			files = (
				25827E132CA11C2200BAC798 /* Assets.xcassets in Resources */,
				25BC20272C9411AF003EFDA8 /* Preview Assets.xcassets in Resources */,
			);
			runOnlyForDeploymentPostprocessing = 0;
		};
/* End PBXResourcesBuildPhase section */

/* Begin PBXSourcesBuildPhase section */
		25BC20182C9411AE003EFDA8 /* Sources */ = {
			isa = PBXSourcesBuildPhase;
			buildActionMask = 2147483647;
			files = (
				25BC20382C96D138003EFDA8 /* DeparturesSheet.swift in Sources */,
				25BC20222C9411AE003EFDA8 /* ContentView.swift in Sources */,
				25827E152CA3DBC100BAC798 /* TransitStop.swift in Sources */,
				25BC20202C9411AE003EFDA8 /* HslStopBrowserApp.swift in Sources */,
				25BC203C2C99819B003EFDA8 /* LocationFollowButton.swift in Sources */,
				25BC20362C96A3FC003EFDA8 /* DeparturesViewModel.swift in Sources */,
				25BC20342C9699D5003EFDA8 /* DigitransitAPI.swift in Sources */,
			);
			runOnlyForDeploymentPostprocessing = 0;
		};
/* End PBXSourcesBuildPhase section */

/* Begin XCBuildConfiguration section */
		25BC20282C9411AF003EFDA8 /* Debug */ = {
			isa = XCBuildConfiguration;
			buildSettings = {
				ALWAYS_SEARCH_USER_PATHS = NO;
				ASSETCATALOG_COMPILER_GENERATE_SWIFT_ASSET_SYMBOL_EXTENSIONS = YES;
				CLANG_ANALYZER_NONNULL = YES;
				CLANG_ANALYZER_NUMBER_OBJECT_CONVERSION = YES_AGGRESSIVE;
				CLANG_CXX_LANGUAGE_STANDARD = "gnu++20";
				CLANG_ENABLE_MODULES = YES;
				CLANG_ENABLE_OBJC_ARC = YES;
				CLANG_ENABLE_OBJC_WEAK = YES;
				CLANG_WARN_BLOCK_CAPTURE_AUTORELEASING = YES;
				CLANG_WARN_BOOL_CONVERSION = YES;
				CLANG_WARN_COMMA = YES;
				CLANG_WARN_CONSTANT_CONVERSION = YES;
				CLANG_WARN_DEPRECATED_OBJC_IMPLEMENTATIONS = YES;
				CLANG_WARN_DIRECT_OBJC_ISA_USAGE = YES_ERROR;
				CLANG_WARN_DOCUMENTATION_COMMENTS = YES;
				CLANG_WARN_EMPTY_BODY = YES;
				CLANG_WARN_ENUM_CONVERSION = YES;
				CLANG_WARN_INFINITE_RECURSION = YES;
				CLANG_WARN_INT_CONVERSION = YES;
				CLANG_WARN_NON_LITERAL_NULL_CONVERSION = YES;
				CLANG_WARN_OBJC_IMPLICIT_RETAIN_SELF = YES;
				CLANG_WARN_OBJC_LITERAL_CONVERSION = YES;
				CLANG_WARN_OBJC_ROOT_CLASS = YES_ERROR;
				CLANG_WARN_QUOTED_INCLUDE_IN_FRAMEWORK_HEADER = YES;
				CLANG_WARN_RANGE_LOOP_ANALYSIS = YES;
				CLANG_WARN_STRICT_PROTOTYPES = YES;
				CLANG_WARN_SUSPICIOUS_MOVE = YES;
				CLANG_WARN_UNGUARDED_AVAILABILITY = YES_AGGRESSIVE;
				CLANG_WARN_UNREACHABLE_CODE = YES;
				CLANG_WARN__DUPLICATE_METHOD_MATCH = YES;
				COPY_PHASE_STRIP = NO;
				DEBUG_INFORMATION_FORMAT = dwarf;
				ENABLE_STRICT_OBJC_MSGSEND = YES;
				ENABLE_TESTABILITY = YES;
				ENABLE_USER_SCRIPT_SANDBOXING = YES;
				GCC_C_LANGUAGE_STANDARD = gnu17;
				GCC_DYNAMIC_NO_PIC = NO;
				GCC_NO_COMMON_BLOCKS = YES;
				GCC_OPTIMIZATION_LEVEL = 0;
				GCC_PREPROCESSOR_DEFINITIONS = (
					"DEBUG=1",
					"$(inherited)",
				);
				GCC_WARN_64_TO_32_BIT_CONVERSION = YES;
				GCC_WARN_ABOUT_RETURN_TYPE = YES_ERROR;
				GCC_WARN_UNDECLARED_SELECTOR = YES;
				GCC_WARN_UNINITIALIZED_AUTOS = YES_AGGRESSIVE;
				GCC_WARN_UNUSED_FUNCTION = YES;
				GCC_WARN_UNUSED_VARIABLE = YES;
				IPHONEOS_DEPLOYMENT_TARGET = 17.5;
				LOCALIZATION_PREFERS_STRING_CATALOGS = YES;
				MTL_ENABLE_DEBUG_INFO = INCLUDE_SOURCE;
				MTL_FAST_MATH = YES;
				ONLY_ACTIVE_ARCH = YES;
				SDKROOT = iphoneos;
				SWIFT_ACTIVE_COMPILATION_CONDITIONS = "DEBUG $(inherited)";
				SWIFT_OPTIMIZATION_LEVEL = "-Onone";
			};
			name = Debug;
		};
		25BC20292C9411AF003EFDA8 /* Release */ = {
			isa = XCBuildConfiguration;
			buildSettings = {
				ALWAYS_SEARCH_USER_PATHS = NO;
				ASSETCATALOG_COMPILER_GENERATE_SWIFT_ASSET_SYMBOL_EXTENSIONS = YES;
				CLANG_ANALYZER_NONNULL = YES;
				CLANG_ANALYZER_NUMBER_OBJECT_CONVERSION = YES_AGGRESSIVE;
				CLANG_CXX_LANGUAGE_STANDARD = "gnu++20";
				CLANG_ENABLE_MODULES = YES;
				CLANG_ENABLE_OBJC_ARC = YES;
				CLANG_ENABLE_OBJC_WEAK = YES;
				CLANG_WARN_BLOCK_CAPTURE_AUTORELEASING = YES;
				CLANG_WARN_BOOL_CONVERSION = YES;
				CLANG_WARN_COMMA = YES;
				CLANG_WARN_CONSTANT_CONVERSION = YES;
				CLANG_WARN_DEPRECATED_OBJC_IMPLEMENTATIONS = YES;
				CLANG_WARN_DIRECT_OBJC_ISA_USAGE = YES_ERROR;
				CLANG_WARN_DOCUMENTATION_COMMENTS = YES;
				CLANG_WARN_EMPTY_BODY = YES;
				CLANG_WARN_ENUM_CONVERSION = YES;
				CLANG_WARN_INFINITE_RECURSION = YES;
				CLANG_WARN_INT_CONVERSION = YES;
				CLANG_WARN_NON_LITERAL_NULL_CONVERSION = YES;
				CLANG_WARN_OBJC_IMPLICIT_RETAIN_SELF = YES;
				CLANG_WARN_OBJC_LITERAL_CONVERSION = YES;
				CLANG_WARN_OBJC_ROOT_CLASS = YES_ERROR;
				CLANG_WARN_QUOTED_INCLUDE_IN_FRAMEWORK_HEADER = YES;
				CLANG_WARN_RANGE_LOOP_ANALYSIS = YES;
				CLANG_WARN_STRICT_PROTOTYPES = YES;
				CLANG_WARN_SUSPICIOUS_MOVE = YES;
				CLANG_WARN_UNGUARDED_AVAILABILITY = YES_AGGRESSIVE;
				CLANG_WARN_UNREACHABLE_CODE = YES;
				CLANG_WARN__DUPLICATE_METHOD_MATCH = YES;
				COPY_PHASE_STRIP = NO;
				DEBUG_INFORMATION_FORMAT = "dwarf-with-dsym";
				ENABLE_NS_ASSERTIONS = NO;
				ENABLE_STRICT_OBJC_MSGSEND = YES;
				ENABLE_USER_SCRIPT_SANDBOXING = YES;
				GCC_C_LANGUAGE_STANDARD = gnu17;
				GCC_NO_COMMON_BLOCKS = YES;
				GCC_WARN_64_TO_32_BIT_CONVERSION = YES;
				GCC_WARN_ABOUT_RETURN_TYPE = YES_ERROR;
				GCC_WARN_UNDECLARED_SELECTOR = YES;
				GCC_WARN_UNINITIALIZED_AUTOS = YES_AGGRESSIVE;
				GCC_WARN_UNUSED_FUNCTION = YES;
				GCC_WARN_UNUSED_VARIABLE = YES;
				IPHONEOS_DEPLOYMENT_TARGET = 17.5;
				LOCALIZATION_PREFERS_STRING_CATALOGS = YES;
				MTL_ENABLE_DEBUG_INFO = NO;
				MTL_FAST_MATH = YES;
				SDKROOT = iphoneos;
				SWIFT_COMPILATION_MODE = wholemodule;
				VALIDATE_PRODUCT = YES;
			};
			name = Release;
		};
		25BC202B2C9411AF003EFDA8 /* Debug */ = {
			isa = XCBuildConfiguration;
			buildSettings = {
				ASSETCATALOG_COMPILER_APPICON_NAME = AppIcon;
				ASSETCATALOG_COMPILER_GLOBAL_ACCENT_COLOR_NAME = AccentColor;
				CODE_SIGN_STYLE = Automatic;
				CURRENT_PROJECT_VERSION = 1;
				DEVELOPMENT_ASSET_PATHS = "\"HslStopBrowser/Preview Content\"";
				DEVELOPMENT_TEAM = 8HG4D44UZQ;
				ENABLE_PREVIEWS = YES;
				GENERATE_INFOPLIST_FILE = YES;
				INFOPLIST_FILE = HslStopBrowser/Info.plist;
				INFOPLIST_KEY_NSLocationWhenInUseUsageDescription = "GIve me access!";
				INFOPLIST_KEY_UIApplicationSceneManifest_Generation = YES;
				INFOPLIST_KEY_UIApplicationSupportsIndirectInputEvents = YES;
				INFOPLIST_KEY_UILaunchScreen_Generation = YES;
				INFOPLIST_KEY_UISupportedInterfaceOrientations_iPad = "UIInterfaceOrientationPortrait UIInterfaceOrientationPortraitUpsideDown UIInterfaceOrientationLandscapeLeft UIInterfaceOrientationLandscapeRight";
				INFOPLIST_KEY_UISupportedInterfaceOrientations_iPhone = "UIInterfaceOrientationPortrait UIInterfaceOrientationLandscapeLeft UIInterfaceOrientationLandscapeRight";
				LD_RUNPATH_SEARCH_PATHS = (
					"$(inherited)",
					"@executable_path/Frameworks",
				);
				MARKETING_VERSION = 1.0;
				PRODUCT_BUNDLE_IDENTIFIER = com.balenet.HslStopBrowser;
				PRODUCT_NAME = "$(TARGET_NAME)";
				SWIFT_EMIT_LOC_STRINGS = YES;
				SWIFT_VERSION = 5.0;
				TARGETED_DEVICE_FAMILY = "1,2";
			};
			name = Debug;
		};
		25BC202C2C9411AF003EFDA8 /* Release */ = {
			isa = XCBuildConfiguration;
			buildSettings = {
				ASSETCATALOG_COMPILER_APPICON_NAME = AppIcon;
				ASSETCATALOG_COMPILER_GLOBAL_ACCENT_COLOR_NAME = AccentColor;
				CODE_SIGN_STYLE = Automatic;
				CURRENT_PROJECT_VERSION = 1;
				DEVELOPMENT_ASSET_PATHS = "\"HslStopBrowser/Preview Content\"";
				DEVELOPMENT_TEAM = 8HG4D44UZQ;
				ENABLE_PREVIEWS = YES;
				GENERATE_INFOPLIST_FILE = YES;
				INFOPLIST_FILE = HslStopBrowser/Info.plist;
				INFOPLIST_KEY_NSLocationWhenInUseUsageDescription = "GIve me access!";
				INFOPLIST_KEY_UIApplicationSceneManifest_Generation = YES;
				INFOPLIST_KEY_UIApplicationSupportsIndirectInputEvents = YES;
				INFOPLIST_KEY_UILaunchScreen_Generation = YES;
				INFOPLIST_KEY_UISupportedInterfaceOrientations_iPad = "UIInterfaceOrientationPortrait UIInterfaceOrientationPortraitUpsideDown UIInterfaceOrientationLandscapeLeft UIInterfaceOrientationLandscapeRight";
				INFOPLIST_KEY_UISupportedInterfaceOrientations_iPhone = "UIInterfaceOrientationPortrait UIInterfaceOrientationLandscapeLeft UIInterfaceOrientationLandscapeRight";
				LD_RUNPATH_SEARCH_PATHS = (
					"$(inherited)",
					"@executable_path/Frameworks",
				);
				MARKETING_VERSION = 1.0;
				PRODUCT_BUNDLE_IDENTIFIER = com.balenet.HslStopBrowser;
				PRODUCT_NAME = "$(TARGET_NAME)";
				SWIFT_EMIT_LOC_STRINGS = YES;
				SWIFT_VERSION = 5.0;
				TARGETED_DEVICE_FAMILY = "1,2";
			};
			name = Release;
		};
/* End XCBuildConfiguration section */

/* Begin XCConfigurationList section */
		25BC20172C9411AE003EFDA8 /* Build configuration list for PBXProject "HslStopBrowser" */ = {
			isa = XCConfigurationList;
			buildConfigurations = (
				25BC20282C9411AF003EFDA8 /* Debug */,
				25BC20292C9411AF003EFDA8 /* Release */,
			);
			defaultConfigurationIsVisible = 0;
			defaultConfigurationName = Release;
		};
		25BC202A2C9411AF003EFDA8 /* Build configuration list for PBXNativeTarget "HslStopBrowser" */ = {
			isa = XCConfigurationList;
			buildConfigurations = (
				25BC202B2C9411AF003EFDA8 /* Debug */,
				25BC202C2C9411AF003EFDA8 /* Release */,
			);
			defaultConfigurationIsVisible = 0;
			defaultConfigurationName = Release;
		};
/* End XCConfigurationList section */

/* Begin XCRemoteSwiftPackageReference section */
		25BC202D2C9411DB003EFDA8 /* XCRemoteSwiftPackageReference "mapbox-maps-ios" */ = {
			isa = XCRemoteSwiftPackageReference;
			repositoryURL = "https://github.com/mapbox/mapbox-maps-ios.git";
			requirement = {
				kind = exactVersion;
				version = "11.7.0-rc.1";
			};
		};
/* End XCRemoteSwiftPackageReference section */

/* Begin XCSwiftPackageProductDependency section */
		25BC202E2C9411DB003EFDA8 /* MapboxMaps */ = {
			isa = XCSwiftPackageProductDependency;
			package = 25BC202D2C9411DB003EFDA8 /* XCRemoteSwiftPackageReference "mapbox-maps-ios" */;
			productName = MapboxMaps;
		};
/* End XCSwiftPackageProductDependency section */
	};
	rootObject = 25BC20142C9411AE003EFDA8 /* Project object */;
}
